
Microsoft Visual Studio Solution File, Format Version 12.00
# Visual Studio 15
VisualStudioVersion = 15.0.27130.2036
MinimumVisualStudioVersion = 10.0.40219.1
Project("{FAE04EC0-301F-11D3-BF4B-00C04F79EFBC}") = "program1", "program1\program1.csproj", "{D4847898-3681-4473-8370-483967BBCC6B}"
EndProject
Project("{FAE04EC0-301F-11D3-BF4B-00C04F79EFBC}") = "program2", "program2\program2.csproj", "{77BA2E09-58AD-4673-8FF9-5CFC7542197E}"
EndProject
Project("{FAE04EC0-301F-11D3-BF4B-00C04F79EFBC}") = "program3", "program3\program3.csproj", "{CDE9B901-E862-4DD3-AD69-93A9B9560366}"
EndProject
Global
	GlobalSection(SolutionConfigurationPlatforms) = preSolution
		Debug|Any CPU = Debug|Any CPU
		Release|Any CPU = Release|Any CPU
	EndGlobalSection
	GlobalSection(ProjectConfigurationPlatforms) = postSolution
		{D4847898-3681-4473-8370-483967BBCC6B}.Debug|Any CPU.ActiveCfg = Debug|Any CPU
		{D4847898-3681-4473-8370-483967BBCC6B}.Debug|Any CPU.Build.0 = Debug|Any CPU
		{D4847898-3681-4473-8370-483967BBCC6B}.Release|Any CPU.ActiveCfg = Release|Any CPU
		{D4847898-3681-4473-8370-483967BBCC6B}.Release|Any CPU.Build.0 = Release|Any CPU
		{77BA2E09-58AD-4673-8FF9-5CFC7542197E}.Debug|Any CPU.ActiveCfg = Debug|Any CPU
		{77BA2E09-58AD-4673-8FF9-5CFC7542197E}.Debug|Any CPU.Build.0 = Debug|Any CPU
		{77BA2E09-58AD-4673-8FF9-5CFC7542197E}.Release|Any CPU.ActiveCfg = Release|Any CPU
		{77BA2E09-58AD-4673-8FF9-5CFC7542197E}.Release|Any CPU.Build.0 = Release|Any CPU
		{CDE9B901-E862-4DD3-AD69-93A9B9560366}.Debug|Any CPU.ActiveCfg = Debug|Any CPU
		{CDE9B901-E862-4DD3-AD69-93A9B9560366}.Debug|Any CPU.Build.0 = Debug|Any CPU
		{CDE9B901-E862-4DD3-AD69-93A9B9560366}.Release|Any CPU.ActiveCfg = Release|Any CPU
		{CDE9B901-E862-4DD3-AD69-93A9B9560366}.Release|Any CPU.Build.0 = Release|Any CPU
	EndGlobalSection
	GlobalSection(SolutionProperties) = preSolution
		HideSolutionNode = FALSE
	EndGlobalSection
	GlobalSection(ExtensibilityGlobals) = postSolution
		SolutionGuid = {EF8126D9-BDD0-43B5-9720-60ACC0CEF27D}
	EndGlobalSection
EndGlobal
